<?xml version="1.0" encoding="utf-8"?>
<Project ToolsVersion="4.0" xmlns="http://schemas.microsoft.com/developer/msbuild/2003">
  <ItemGroup>
    <Filter Include="Source Files">
      <UniqueIdentifier>{4FC737F1-C7A5-4376-A066-2A32D752A2FF}</UniqueIdentifier>
      <Extensions>cpp;c;cc;cxx;c++;cppm;ixx;def;odl;idl;hpj;bat;asm;asmx</Extensions>
    </Filter>
    <Filter Include="Header Files">
      <UniqueIdentifier>{93995380-89BD-4b04-88EB-625FBE52EBFB}</UniqueIdentifier>
      <Extensions>h;hh;hpp;hxx;h++;hm;inl;inc;ipp;xsd</Extensions>
    </Filter>
    <Filter Include="Resource Files">
      <UniqueIdentifier>{67DA6AB6-F800-4c08-8B7A-83BB121AAD01}</UniqueIdentifier>
      <Extensions>rc;ico;cur;bmp;dlg;rc2;rct;bin;rgs;gif;jpg;jpeg;jpe;resx;tiff;tif;png;wav;mfcribbon-ms</Extensions>
    </Filter>
    <Filter Include="Source Files\System">
      <UniqueIdentifier>{885733e7-8559-41b3-a1d5-3727c6ed3b3f}</UniqueIdentifier>
    </Filter>
    <Filter Include="Header Files\System">
      <UniqueIdentifier>{996d8d72-6b02-493a-8eda-340efe7fbbc2}</UniqueIdentifier>
    </Filter>
    <Filter Include="Header Files\LSystems">
      <UniqueIdentifier>{ab3b3668-b5e4-42de-9498-9db2b6ff3452}</UniqueIdentifier>
    </Filter>
    <Filter Include="Source Files\LSystems">
      <UniqueIdentifier>{94542422-3bfc-479f-88f5-7714b580de9e}</UniqueIdentifier>
    </Filter>
    <Filter Include="Header Files\Turtle">
      <UniqueIdentifier>{e948e237-4600-4e2f-bfc3-73c5e2acef49}</UniqueIdentifier>
    </Filter>
    <Filter Include="Source Files\Turtle">
      <UniqueIdentifier>{14de465f-6d03-4c50-89fa-3e0290befbd7}</UniqueIdentifier>
    </Filter>
    <Filter Include="Header Files\Algorithms">
      <UniqueIdentifier>{8cee7148-4fed-4eea-b584-5f6e0cb1c012}</UniqueIdentifier>
    </Filter>
    <Filter Include="Header Files\Algorithms\WordMutationAlgorithm">
      <UniqueIdentifier>{8024a1b4-e7a3-4d8d-aba9-49ac4a65b4d5}</UniqueIdentifier>
    </Filter>
    <Filter Include="Header Files\Algorithms\RuleMutationAlgorithm">
      <UniqueIdentifier>{95907155-eb80-4088-b99f-1fbe7d191b63}</UniqueIdentifier>
    </Filter>
    <Filter Include="Source Files\Algorithms">
      <UniqueIdentifier>{9fa28141-fc43-47f4-9018-a32f4a0eaf4f}</UniqueIdentifier>
    </Filter>
    <Filter Include="Source Files\Algorithms\RuleMutationAlgorithm">
      <UniqueIdentifier>{c53df384-0fe9-4755-854f-6c7f41f1bca0}</UniqueIdentifier>
    </Filter>
  </ItemGroup>
  <ItemGroup>
    <ClCompile Include="main.cpp">
      <Filter>Source Files</Filter>
    </ClCompile>
    <ClCompile Include="initialiseSDL.cpp">
      <Filter>Source Files\System</Filter>
    </ClCompile>
    <ClCompile Include="renderManager.cpp">
      <Filter>Source Files\System</Filter>
    </ClCompile>
    <ClCompile Include="inputManager.cpp">
      <Filter>Source Files\System</Filter>
    </ClCompile>
    <ClCompile Include="lsystemCreator.cpp">
      <Filter>Source Files\LSystems</Filter>
    </ClCompile>
    <ClCompile Include="turtle.cpp">
      <Filter>Source Files\Turtle</Filter>
    </ClCompile>
    <ClCompile Include="gridManager.cpp">
      <Filter>Source Files\System</Filter>
    </ClCompile>
    <ClCompile Include="individual.cpp">
      <Filter>Source Files\Algorithms\RuleMutationAlgorithm</Filter>
    </ClCompile>
    <ClCompile Include="fitnessFunction.cpp">
      <Filter>Source Files\Algorithms</Filter>
    </ClCompile>
    <ClCompile Include="evolutionRM.cpp">
      <Filter>Source Files\Algorithms\RuleMutationAlgorithm</Filter>
    </ClCompile>
  </ItemGroup>
  <ItemGroup>
    <ClInclude Include="common.h">
      <Filter>Header Files</Filter>
    </ClInclude>
    <ClInclude Include="initialiseSDL.h">
      <Filter>Header Files\System</Filter>
    </ClInclude>
    <ClInclude Include="renderManager.h">
      <Filter>Header Files\System</Filter>
    </ClInclude>
    <ClInclude Include="inputManager.h">
      <Filter>Header Files\System</Filter>
    </ClInclude>
    <ClInclude Include="lsystemCreator.h">
      <Filter>Header Files\LSystems</Filter>
    </ClInclude>
    <ClInclude Include="turtle.h">
      <Filter>Header Files\Turtle</Filter>
    </ClInclude>
    <ClInclude Include="structs.h">
      <Filter>Header Files</Filter>
    </ClInclude>
    <ClInclude Include="gridManager.h">
      <Filter>Header Files\System</Filter>
    </ClInclude>
    <ClInclude Include="fitnessFunction.h">
      <Filter>Header Files\Algorithms</Filter>
    </ClInclude>
    <ClInclude Include="individual.h">
      <Filter>Header Files\Algorithms\RuleMutationAlgorithm</Filter>
    </ClInclude>
    <ClInclude Include="helperFunctions.h">
      <Filter>Header Files</Filter>
    </ClInclude>
    <ClInclude Include="evolutionRM.h">
      <Filter>Header Files\Algorithms\RuleMutationAlgorithm</Filter>
    </ClInclude>
    <ClInclude Include="evolutionWM.h">
      <Filter>Header Files\Algorithms\WordMutationAlgorithm</Filter>
    </ClInclude>
  </ItemGroup>
</Project>